
Microsoft Visual Studio Solution File, Format Version 12.00
# Visual Studio 15
VisualStudioVersion = 15.0.27004.2009
MinimumVisualStudioVersion = 10.0.40219.1
Project("{FAE04EC0-301F-11D3-BF4B-00C04F79EFBC}") = "SecretSanta", "SecretSanta\SecretSanta.csproj", "{52B69909-F1E7-4FA0-86CF-94B78EA77972}"
EndProject
Global
	GlobalSection(SolutionConfigurationPlatforms) = preSolution
		Debug|Any CPU = Debug|Any CPU
		Release|Any CPU = Release|Any CPU
	EndGlobalSection
	GlobalSection(ProjectConfigurationPlatforms) = postSolution
		{52B69909-F1E7-4FA0-86CF-94B78EA77972}.Debug|Any CPU.ActiveCfg = Debug|Any CPU
		{52B69909-F1E7-4FA0-86CF-94B78EA77972}.Debug|Any CPU.Build.0 = Debug|Any CPU
		{52B69909-F1E7-4FA0-86CF-94B78EA77972}.Release|Any CPU.ActiveCfg = Release|Any CPU
		{52B69909-F1E7-4FA0-86CF-94B78EA77972}.Release|Any CPU.Build.0 = Release|Any CPU
	EndGlobalSection
	GlobalSection(SolutionProperties) = preSolution
		HideSolutionNode = FALSE
	EndGlobalSection
	GlobalSection(ExtensibilityGlobals) = postSolution
		SolutionGuid = {4C909AA3-DAA6-440D-B86D-18C9525F57A8}
	EndGlobalSection
EndGlobal
