
Microsoft Visual Studio Solution File, Format Version 12.00
# Visual Studio 15
VisualStudioVersion = 15.0.27428.2005
MinimumVisualStudioVersion = 10.0.40219.1
Project("{FAE04EC0-301F-11D3-BF4B-00C04F79EFBC}") = "Videotheek", "Videotheek\Videotheek.csproj", "{F1CAD70C-2261-4537-9DC9-D64676FA1EC2}"
EndProject
Project("{FAE04EC0-301F-11D3-BF4B-00C04F79EFBC}") = "DbManagers", "DbManagers\DbManagers.csproj", "{EC087674-1752-4AB0-91E9-CDC1EC66A547}"
EndProject
Global
	GlobalSection(SolutionConfigurationPlatforms) = preSolution
		Debug|Any CPU = Debug|Any CPU
		Release|Any CPU = Release|Any CPU
	EndGlobalSection
	GlobalSection(ProjectConfigurationPlatforms) = postSolution
		{F1CAD70C-2261-4537-9DC9-D64676FA1EC2}.Debug|Any CPU.ActiveCfg = Debug|Any CPU
		{F1CAD70C-2261-4537-9DC9-D64676FA1EC2}.Debug|Any CPU.Build.0 = Debug|Any CPU
		{F1CAD70C-2261-4537-9DC9-D64676FA1EC2}.Release|Any CPU.ActiveCfg = Release|Any CPU
		{F1CAD70C-2261-4537-9DC9-D64676FA1EC2}.Release|Any CPU.Build.0 = Release|Any CPU
		{EC087674-1752-4AB0-91E9-CDC1EC66A547}.Debug|Any CPU.ActiveCfg = Debug|Any CPU
		{EC087674-1752-4AB0-91E9-CDC1EC66A547}.Debug|Any CPU.Build.0 = Debug|Any CPU
		{EC087674-1752-4AB0-91E9-CDC1EC66A547}.Release|Any CPU.ActiveCfg = Release|Any CPU
		{EC087674-1752-4AB0-91E9-CDC1EC66A547}.Release|Any CPU.Build.0 = Release|Any CPU
	EndGlobalSection
	GlobalSection(SolutionProperties) = preSolution
		HideSolutionNode = FALSE
	EndGlobalSection
	GlobalSection(ExtensibilityGlobals) = postSolution
		SolutionGuid = {560E05F6-0097-4571-B490-47B2E21A55EB}
	EndGlobalSection
EndGlobal
