
Microsoft Visual Studio Solution File, Format Version 12.00
# Visual Studio 15
VisualStudioVersion = 15.0.27703.2000
MinimumVisualStudioVersion = 10.0.40219.1
Project("{FAE04EC0-301F-11D3-BF4B-00C04F79EFBC}") = "MoreelsKoffie", "MoreelsKoffie\MoreelsKoffie.csproj", "{7FC3AEF9-E703-47A8-A039-B94FC12F58BA}"
EndProject
Project("{FAE04EC0-301F-11D3-BF4B-00C04F79EFBC}") = "MoreelsKoffie.Tests", "MoreelsKoffie.Tests\MoreelsKoffie.Tests.csproj", "{68F95CA8-51F1-4411-A77A-65A65B56844F}"
EndProject
Global
	GlobalSection(SolutionConfigurationPlatforms) = preSolution
		Debug|Any CPU = Debug|Any CPU
		Release|Any CPU = Release|Any CPU
	EndGlobalSection
	GlobalSection(ProjectConfigurationPlatforms) = postSolution
		{7FC3AEF9-E703-47A8-A039-B94FC12F58BA}.Debug|Any CPU.ActiveCfg = Debug|Any CPU
		{7FC3AEF9-E703-47A8-A039-B94FC12F58BA}.Debug|Any CPU.Build.0 = Debug|Any CPU
		{7FC3AEF9-E703-47A8-A039-B94FC12F58BA}.Release|Any CPU.ActiveCfg = Release|Any CPU
		{7FC3AEF9-E703-47A8-A039-B94FC12F58BA}.Release|Any CPU.Build.0 = Release|Any CPU
		{68F95CA8-51F1-4411-A77A-65A65B56844F}.Debug|Any CPU.ActiveCfg = Debug|Any CPU
		{68F95CA8-51F1-4411-A77A-65A65B56844F}.Debug|Any CPU.Build.0 = Debug|Any CPU
		{68F95CA8-51F1-4411-A77A-65A65B56844F}.Release|Any CPU.ActiveCfg = Release|Any CPU
		{68F95CA8-51F1-4411-A77A-65A65B56844F}.Release|Any CPU.Build.0 = Release|Any CPU
	EndGlobalSection
	GlobalSection(SolutionProperties) = preSolution
		HideSolutionNode = FALSE
	EndGlobalSection
	GlobalSection(ExtensibilityGlobals) = postSolution
		SolutionGuid = {7B9EA10E-B375-486C-8216-CF028B0F936E}
	EndGlobalSection
EndGlobal
