
Microsoft Visual Studio Solution File, Format Version 12.00
# Visual Studio 15
VisualStudioVersion = 15.0.27428.2005
MinimumVisualStudioVersion = 10.0.40219.1
Project("{FAE04EC0-301F-11D3-BF4B-00C04F79EFBC}") = "LeveranciersToevoegen", "LeveranciersToevoegen\LeveranciersToevoegen.csproj", "{FD6812C5-439A-4FB8-9906-A7A953C169DC}"
EndProject
Project("{FAE04EC0-301F-11D3-BF4B-00C04F79EFBC}") = "DbManagers", "DbManagers\DbManagers.csproj", "{93F49D93-F69E-4AB9-8339-24E1FD3DA098}"
EndProject
Project("{FAE04EC0-301F-11D3-BF4B-00C04F79EFBC}") = "LeveranciersOverview", "LeveranciersOverview\LeveranciersOverview.csproj", "{9433E165-E0DC-4B58-9BA3-FCE1BB6FE9C3}"
EndProject
Global
	GlobalSection(SolutionConfigurationPlatforms) = preSolution
		Debug|Any CPU = Debug|Any CPU
		Release|Any CPU = Release|Any CPU
	EndGlobalSection
	GlobalSection(ProjectConfigurationPlatforms) = postSolution
		{FD6812C5-439A-4FB8-9906-A7A953C169DC}.Debug|Any CPU.ActiveCfg = Debug|Any CPU
		{FD6812C5-439A-4FB8-9906-A7A953C169DC}.Debug|Any CPU.Build.0 = Debug|Any CPU
		{FD6812C5-439A-4FB8-9906-A7A953C169DC}.Release|Any CPU.ActiveCfg = Release|Any CPU
		{FD6812C5-439A-4FB8-9906-A7A953C169DC}.Release|Any CPU.Build.0 = Release|Any CPU
		{93F49D93-F69E-4AB9-8339-24E1FD3DA098}.Debug|Any CPU.ActiveCfg = Debug|Any CPU
		{93F49D93-F69E-4AB9-8339-24E1FD3DA098}.Debug|Any CPU.Build.0 = Debug|Any CPU
		{93F49D93-F69E-4AB9-8339-24E1FD3DA098}.Release|Any CPU.ActiveCfg = Release|Any CPU
		{93F49D93-F69E-4AB9-8339-24E1FD3DA098}.Release|Any CPU.Build.0 = Release|Any CPU
		{9433E165-E0DC-4B58-9BA3-FCE1BB6FE9C3}.Debug|Any CPU.ActiveCfg = Debug|Any CPU
		{9433E165-E0DC-4B58-9BA3-FCE1BB6FE9C3}.Debug|Any CPU.Build.0 = Debug|Any CPU
		{9433E165-E0DC-4B58-9BA3-FCE1BB6FE9C3}.Release|Any CPU.ActiveCfg = Release|Any CPU
		{9433E165-E0DC-4B58-9BA3-FCE1BB6FE9C3}.Release|Any CPU.Build.0 = Release|Any CPU
	EndGlobalSection
	GlobalSection(SolutionProperties) = preSolution
		HideSolutionNode = FALSE
	EndGlobalSection
	GlobalSection(ExtensibilityGlobals) = postSolution
		SolutionGuid = {D0314BFE-DF8F-476C-9144-497155089B5E}
	EndGlobalSection
EndGlobal
