
Microsoft Visual Studio Solution File, Format Version 12.00
# Visual Studio 15
VisualStudioVersion = 15.0.27428.2005
MinimumVisualStudioVersion = 10.0.40219.1
Project("{FAE04EC0-301F-11D3-BF4B-00C04F79EFBC}") = "SchuifSpel", "SchuifSpel\SchuifSpel.csproj", "{19BC4049-2E08-408B-A6F0-65EFFB30274D}"
EndProject
Global
	GlobalSection(SolutionConfigurationPlatforms) = preSolution
		Debug|Any CPU = Debug|Any CPU
		Release|Any CPU = Release|Any CPU
	EndGlobalSection
	GlobalSection(ProjectConfigurationPlatforms) = postSolution
		{19BC4049-2E08-408B-A6F0-65EFFB30274D}.Debug|Any CPU.ActiveCfg = Debug|Any CPU
		{19BC4049-2E08-408B-A6F0-65EFFB30274D}.Debug|Any CPU.Build.0 = Debug|Any CPU
		{19BC4049-2E08-408B-A6F0-65EFFB30274D}.Release|Any CPU.ActiveCfg = Release|Any CPU
		{19BC4049-2E08-408B-A6F0-65EFFB30274D}.Release|Any CPU.Build.0 = Release|Any CPU
	EndGlobalSection
	GlobalSection(SolutionProperties) = preSolution
		HideSolutionNode = FALSE
	EndGlobalSection
	GlobalSection(ExtensibilityGlobals) = postSolution
		SolutionGuid = {40FB198C-C22A-4F09-A1AF-F98B9487C52D}
	EndGlobalSection
EndGlobal
