
Microsoft Visual Studio Solution File, Format Version 12.00
# Visual Studio 15
VisualStudioVersion = 15.0.27004.2009
MinimumVisualStudioVersion = 10.0.40219.1
Project("{FAE04EC0-301F-11D3-BF4B-00C04F79EFBC}") = "FormValidation", "FormValidation\FormValidation.csproj", "{48AD58F0-633D-4233-B1EF-57283AB484A6}"
EndProject
Global
	GlobalSection(SolutionConfigurationPlatforms) = preSolution
		Debug|Any CPU = Debug|Any CPU
		Release|Any CPU = Release|Any CPU
	EndGlobalSection
	GlobalSection(ProjectConfigurationPlatforms) = postSolution
		{48AD58F0-633D-4233-B1EF-57283AB484A6}.Debug|Any CPU.ActiveCfg = Debug|Any CPU
		{48AD58F0-633D-4233-B1EF-57283AB484A6}.Debug|Any CPU.Build.0 = Debug|Any CPU
		{48AD58F0-633D-4233-B1EF-57283AB484A6}.Release|Any CPU.ActiveCfg = Release|Any CPU
		{48AD58F0-633D-4233-B1EF-57283AB484A6}.Release|Any CPU.Build.0 = Release|Any CPU
	EndGlobalSection
	GlobalSection(SolutionProperties) = preSolution
		HideSolutionNode = FALSE
	EndGlobalSection
	GlobalSection(ExtensibilityGlobals) = postSolution
		SolutionGuid = {B58F67DF-A601-4F45-9645-70E98D46058E}
	EndGlobalSection
EndGlobal
