
Microsoft Visual Studio Solution File, Format Version 12.00
# Visual Studio 15
VisualStudioVersion = 15.0.27004.2009
MinimumVisualStudioVersion = 10.0.40219.1
Project("{FAE04EC0-301F-11D3-BF4B-00C04F79EFBC}") = "MenuBars", "MenuBars\MenuBars.csproj", "{DF74C046-3708-4027-A9E6-94B335EF72EB}"
EndProject
Global
	GlobalSection(SolutionConfigurationPlatforms) = preSolution
		Debug|Any CPU = Debug|Any CPU
		Release|Any CPU = Release|Any CPU
	EndGlobalSection
	GlobalSection(ProjectConfigurationPlatforms) = postSolution
		{DF74C046-3708-4027-A9E6-94B335EF72EB}.Debug|Any CPU.ActiveCfg = Debug|Any CPU
		{DF74C046-3708-4027-A9E6-94B335EF72EB}.Debug|Any CPU.Build.0 = Debug|Any CPU
		{DF74C046-3708-4027-A9E6-94B335EF72EB}.Release|Any CPU.ActiveCfg = Release|Any CPU
		{DF74C046-3708-4027-A9E6-94B335EF72EB}.Release|Any CPU.Build.0 = Release|Any CPU
	EndGlobalSection
	GlobalSection(SolutionProperties) = preSolution
		HideSolutionNode = FALSE
	EndGlobalSection
	GlobalSection(ExtensibilityGlobals) = postSolution
		SolutionGuid = {7EE31300-32D1-401D-AC63-FBC7BA8809A6}
	EndGlobalSection
EndGlobal
